// !$*UTF8*$!
{
	archiveVersion = 1;
	classes = {
	};
	objectVersion = 56;
	objects = {

/* Begin PBXBuildFile section */
		2FE4FF0E29A4537300DEDD6C /* ObjectMapper in Frameworks */ = {isa = PBXBuildFile; productRef = 2FE4FF0D29A4537300DEDD6C /* ObjectMapper */; };
		2FE4FF1129A455BE00DEDD6C /* Alamofire in Frameworks */ = {isa = PBXBuildFile; productRef = 2FE4FF1029A455BE00DEDD6C /* Alamofire */; };
		2FE4FF1429A4701D00DEDD6C /* CatBreed.swift in Sources */ = {isa = PBXBuildFile; fileRef = 2FE4FF1329A4701D00DEDD6C /* CatBreed.swift */; };
		2FE4FF1629A4703C00DEDD6C /* CatImage.swift in Sources */ = {isa = PBXBuildFile; fileRef = 2FE4FF1529A4703C00DEDD6C /* CatImage.swift */; };
		2FE4FF1929A4708700DEDD6C /* ApiService.swift in Sources */ = {isa = PBXBuildFile; fileRef = 2FE4FF1829A4708700DEDD6C /* ApiService.swift */; };
		2FE4FF1C29A4712E00DEDD6C /* HomeCatBreedsViewModel.swift in Sources */ = {isa = PBXBuildFile; fileRef = 2FE4FF1B29A4712E00DEDD6C /* HomeCatBreedsViewModel.swift */; };
		2FE4FF1F29A4716300DEDD6C /* HomeCatBreedsView.swift in Sources */ = {isa = PBXBuildFile; fileRef = 2FE4FF1E29A4716300DEDD6C /* HomeCatBreedsView.swift */; };
		2FE4FF2129A471F000DEDD6C /* DetailCatBreedView.swift in Sources */ = {isa = PBXBuildFile; fileRef = 2FE4FF2029A471F000DEDD6C /* DetailCatBreedView.swift */; };
		2FE4FF2329A4724D00DEDD6C /* DetailCatBreedViewModel.swift in Sources */ = {isa = PBXBuildFile; fileRef = 2FE4FF2229A4724D00DEDD6C /* DetailCatBreedViewModel.swift */; };
		2FF49D25299E3864005A6010 /* catscuteApp.swift in Sources */ = {isa = PBXBuildFile; fileRef = 2FF49D24299E3864005A6010 /* catscuteApp.swift */; };
		2FF49D29299E3865005A6010 /* Assets.xcassets in Resources */ = {isa = PBXBuildFile; fileRef = 2FF49D28299E3864005A6010 /* Assets.xcassets */; };
		2FF49D2C299E3865005A6010 /* Preview Assets.xcassets in Resources */ = {isa = PBXBuildFile; fileRef = 2FF49D2B299E3865005A6010 /* Preview Assets.xcassets */; };
		2FF49D36299E3865005A6010 /* catscuteTests.swift in Sources */ = {isa = PBXBuildFile; fileRef = 2FF49D35299E3865005A6010 /* catscuteTests.swift */; };
		2FF49D40299E3865005A6010 /* catscuteUITests.swift in Sources */ = {isa = PBXBuildFile; fileRef = 2FF49D3F299E3865005A6010 /* catscuteUITests.swift */; };
		2FF49D42299E3865005A6010 /* catscuteUITestsLaunchTests.swift in Sources */ = {isa = PBXBuildFile; fileRef = 2FF49D41299E3865005A6010 /* catscuteUITestsLaunchTests.swift */; };
/* End PBXBuildFile section */

/* Begin PBXContainerItemProxy section */
		2FF49D32299E3865005A6010 /* PBXContainerItemProxy */ = {
			isa = PBXContainerItemProxy;
			containerPortal = 2FF49D19299E3864005A6010 /* Project object */;
			proxyType = 1;
			remoteGlobalIDString = 2FF49D20299E3864005A6010;
			remoteInfo = catscute;
		};
		2FF49D3C299E3865005A6010 /* PBXContainerItemProxy */ = {
			isa = PBXContainerItemProxy;
			containerPortal = 2FF49D19299E3864005A6010 /* Project object */;
			proxyType = 1;
			remoteGlobalIDString = 2FF49D20299E3864005A6010;
			remoteInfo = catscute;
		};
/* End PBXContainerItemProxy section */

/* Begin PBXFileReference section */
		2FE4FF1329A4701D00DEDD6C /* CatBreed.swift */ = {isa = PBXFileReference; lastKnownFileType = sourcecode.swift; path = CatBreed.swift; sourceTree = "<group>"; };
		2FE4FF1529A4703C00DEDD6C /* CatImage.swift */ = {isa = PBXFileReference; lastKnownFileType = sourcecode.swift; path = CatImage.swift; sourceTree = "<group>"; };
		2FE4FF1829A4708700DEDD6C /* ApiService.swift */ = {isa = PBXFileReference; lastKnownFileType = sourcecode.swift; path = ApiService.swift; sourceTree = "<group>"; };
		2FE4FF1B29A4712E00DEDD6C /* HomeCatBreedsViewModel.swift */ = {isa = PBXFileReference; lastKnownFileType = sourcecode.swift; path = HomeCatBreedsViewModel.swift; sourceTree = "<group>"; };
		2FE4FF1E29A4716300DEDD6C /* HomeCatBreedsView.swift */ = {isa = PBXFileReference; lastKnownFileType = sourcecode.swift; path = HomeCatBreedsView.swift; sourceTree = "<group>"; };
		2FE4FF2029A471F000DEDD6C /* DetailCatBreedView.swift */ = {isa = PBXFileReference; lastKnownFileType = sourcecode.swift; path = DetailCatBreedView.swift; sourceTree = "<group>"; };
		2FE4FF2229A4724D00DEDD6C /* DetailCatBreedViewModel.swift */ = {isa = PBXFileReference; lastKnownFileType = sourcecode.swift; path = DetailCatBreedViewModel.swift; sourceTree = "<group>"; };
		2FF49D21299E3864005A6010 /* catscute.app */ = {isa = PBXFileReference; explicitFileType = wrapper.application; includeInIndex = 0; path = catscute.app; sourceTree = BUILT_PRODUCTS_DIR; };
		2FF49D24299E3864005A6010 /* catscuteApp.swift */ = {isa = PBXFileReference; lastKnownFileType = sourcecode.swift; path = catscuteApp.swift; sourceTree = "<group>"; };
		2FF49D28299E3864005A6010 /* Assets.xcassets */ = {isa = PBXFileReference; lastKnownFileType = folder.assetcatalog; path = Assets.xcassets; sourceTree = "<group>"; };
		2FF49D2B299E3865005A6010 /* Preview Assets.xcassets */ = {isa = PBXFileReference; lastKnownFileType = folder.assetcatalog; path = "Preview Assets.xcassets"; sourceTree = "<group>"; };
		2FF49D31299E3865005A6010 /* catscuteTests.xctest */ = {isa = PBXFileReference; explicitFileType = wrapper.cfbundle; includeInIndex = 0; path = catscuteTests.xctest; sourceTree = BUILT_PRODUCTS_DIR; };
		2FF49D35299E3865005A6010 /* catscuteTests.swift */ = {isa = PBXFileReference; lastKnownFileType = sourcecode.swift; path = catscuteTests.swift; sourceTree = "<group>"; };
		2FF49D3B299E3865005A6010 /* catscuteUITests.xctest */ = {isa = PBXFileReference; explicitFileType = wrapper.cfbundle; includeInIndex = 0; path = catscuteUITests.xctest; sourceTree = BUILT_PRODUCTS_DIR; };
		2FF49D3F299E3865005A6010 /* catscuteUITests.swift */ = {isa = PBXFileReference; lastKnownFileType = sourcecode.swift; path = catscuteUITests.swift; sourceTree = "<group>"; };
		2FF49D41299E3865005A6010 /* catscuteUITestsLaunchTests.swift */ = {isa = PBXFileReference; lastKnownFileType = sourcecode.swift; path = catscuteUITestsLaunchTests.swift; sourceTree = "<group>"; };
/* End PBXFileReference section */

/* Begin PBXFrameworksBuildPhase section */
		2FF49D1E299E3864005A6010 /* Frameworks */ = {
			isa = PBXFrameworksBuildPhase;
			buildActionMask = 2147483647;
			files = (
				2FE4FF0E29A4537300DEDD6C /* ObjectMapper in Frameworks */,
				2FE4FF1129A455BE00DEDD6C /* Alamofire in Frameworks */,
			);
			runOnlyForDeploymentPostprocessing = 0;
		};
		2FF49D2E299E3865005A6010 /* Frameworks */ = {
			isa = PBXFrameworksBuildPhase;
			buildActionMask = 2147483647;
			files = (
			);
			runOnlyForDeploymentPostprocessing = 0;
		};
		2FF49D38299E3865005A6010 /* Frameworks */ = {
			isa = PBXFrameworksBuildPhase;
			buildActionMask = 2147483647;
			files = (
			);
			runOnlyForDeploymentPostprocessing = 0;
		};
/* End PBXFrameworksBuildPhase section */

/* Begin PBXGroup section */
		2FE4FF1229A46F5000DEDD6C /* Model */ = {
			isa = PBXGroup;
			children = (
				2FE4FF1329A4701D00DEDD6C /* CatBreed.swift */,
				2FE4FF1529A4703C00DEDD6C /* CatImage.swift */,
			);
			path = Model;
			sourceTree = "<group>";
		};
		2FE4FF1729A4707C00DEDD6C /* Domainless */ = {
			isa = PBXGroup;
			children = (
				2FF49D24299E3864005A6010 /* catscuteApp.swift */,
				2FE4FF1829A4708700DEDD6C /* ApiService.swift */,
			);
			path = Domainless;
			sourceTree = "<group>";
		};
		2FE4FF1A29A4711700DEDD6C /* ViewModel */ = {
			isa = PBXGroup;
			children = (
				2FE4FF1B29A4712E00DEDD6C /* HomeCatBreedsViewModel.swift */,
				2FE4FF2229A4724D00DEDD6C /* DetailCatBreedViewModel.swift */,
			);
			path = ViewModel;
			sourceTree = "<group>";
		};
		2FE4FF1D29A4714800DEDD6C /* View */ = {
			isa = PBXGroup;
			children = (
				2FE4FF1E29A4716300DEDD6C /* HomeCatBreedsView.swift */,
				2FE4FF2029A471F000DEDD6C /* DetailCatBreedView.swift */,
			);
			path = View;
			sourceTree = "<group>";
		};
		2FF49D18299E3864005A6010 = {
			isa = PBXGroup;
			children = (
				2FF49D23299E3864005A6010 /* catscute */,
				2FF49D34299E3865005A6010 /* catscuteTests */,
				2FF49D3E299E3865005A6010 /* catscuteUITests */,
				2FF49D22299E3864005A6010 /* Products */,
			);
			sourceTree = "<group>";
		};
		2FF49D22299E3864005A6010 /* Products */ = {
			isa = PBXGroup;
			children = (
				2FF49D21299E3864005A6010 /* catscute.app */,
				2FF49D31299E3865005A6010 /* catscuteTests.xctest */,
				2FF49D3B299E3865005A6010 /* catscuteUITests.xctest */,
			);
			name = Products;
			sourceTree = "<group>";
		};
		2FF49D23299E3864005A6010 /* catscute */ = {
			isa = PBXGroup;
			children = (
				2FE4FF1729A4707C00DEDD6C /* Domainless */,
				2FE4FF1229A46F5000DEDD6C /* Model */,
				2FE4FF1D29A4714800DEDD6C /* View */,
				2FE4FF1A29A4711700DEDD6C /* ViewModel */,
				2FF49D28299E3864005A6010 /* Assets.xcassets */,
				2FF49D2A299E3865005A6010 /* Preview Content */,
			);
			path = catscute;
			sourceTree = "<group>";
		};
		2FF49D2A299E3865005A6010 /* Preview Content */ = {
			isa = PBXGroup;
			children = (
				2FF49D2B299E3865005A6010 /* Preview Assets.xcassets */,
			);
			path = "Preview Content";
			sourceTree = "<group>";
		};
		2FF49D34299E3865005A6010 /* catscuteTests */ = {
			isa = PBXGroup;
			children = (
				2FF49D35299E3865005A6010 /* catscuteTests.swift */,
			);
			path = catscuteTests;
			sourceTree = "<group>";
		};
		2FF49D3E299E3865005A6010 /* catscuteUITests */ = {
			isa = PBXGroup;
			children = (
				2FF49D3F299E3865005A6010 /* catscuteUITests.swift */,
				2FF49D41299E3865005A6010 /* catscuteUITestsLaunchTests.swift */,
			);
			path = catscuteUITests;
			sourceTree = "<group>";
		};
/* End PBXGroup section */

/* Begin PBXNativeTarget section */
		2FF49D20299E3864005A6010 /* catscute */ = {
			isa = PBXNativeTarget;
			buildConfigurationList = 2FF49D45299E3865005A6010 /* Build configuration list for PBXNativeTarget "catscute" */;
			buildPhases = (
				2FF49D1D299E3864005A6010 /* Sources */,
				2FF49D1E299E3864005A6010 /* Frameworks */,
				2FF49D1F299E3864005A6010 /* Resources */,
			);
			buildRules = (
			);
			dependencies = (
			);
			name = catscute;
			packageProductDependencies = (
				2FE4FF0D29A4537300DEDD6C /* ObjectMapper */,
				2FE4FF1029A455BE00DEDD6C /* Alamofire */,
			);
			productName = catscute;
			productReference = 2FF49D21299E3864005A6010 /* catscute.app */;
			productType = "com.apple.product-type.application";
		};
		2FF49D30299E3865005A6010 /* catscuteTests */ = {
			isa = PBXNativeTarget;
			buildConfigurationList = 2FF49D48299E3865005A6010 /* Build configuration list for PBXNativeTarget "catscuteTests" */;
			buildPhases = (
				2FF49D2D299E3865005A6010 /* Sources */,
				2FF49D2E299E3865005A6010 /* Frameworks */,
				2FF49D2F299E3865005A6010 /* Resources */,
			);
			buildRules = (
			);
			dependencies = (
				2FF49D33299E3865005A6010 /* PBXTargetDependency */,
			);
			name = catscuteTests;
			productName = catscuteTests;
			productReference = 2FF49D31299E3865005A6010 /* catscuteTests.xctest */;
			productType = "com.apple.product-type.bundle.unit-test";
		};
		2FF49D3A299E3865005A6010 /* catscuteUITests */ = {
			isa = PBXNativeTarget;
			buildConfigurationList = 2FF49D4B299E3865005A6010 /* Build configuration list for PBXNativeTarget "catscuteUITests" */;
			buildPhases = (
				2FF49D37299E3865005A6010 /* Sources */,
				2FF49D38299E3865005A6010 /* Frameworks */,
				2FF49D39299E3865005A6010 /* Resources */,
			);
			buildRules = (
			);
			dependencies = (
				2FF49D3D299E3865005A6010 /* PBXTargetDependency */,
			);
			name = catscuteUITests;
			productName = catscuteUITests;
			productReference = 2FF49D3B299E3865005A6010 /* catscuteUITests.xctest */;
			productType = "com.apple.product-type.bundle.ui-testing";
		};
/* End PBXNativeTarget section */

/* Begin PBXProject section */
		2FF49D19299E3864005A6010 /* Project object */ = {
			isa = PBXProject;
			attributes = {
				BuildIndependentTargetsInParallel = 1;
				LastSwiftUpdateCheck = 1410;
				LastUpgradeCheck = 1410;
				TargetAttributes = {
					2FF49D20299E3864005A6010 = {
						CreatedOnToolsVersion = 14.1;
					};
					2FF49D30299E3865005A6010 = {
						CreatedOnToolsVersion = 14.1;
						TestTargetID = 2FF49D20299E3864005A6010;
					};
					2FF49D3A299E3865005A6010 = {
						CreatedOnToolsVersion = 14.1;
						TestTargetID = 2FF49D20299E3864005A6010;
					};
				};
			};
			buildConfigurationList = 2FF49D1C299E3864005A6010 /* Build configuration list for PBXProject "catscute" */;
			compatibilityVersion = "Xcode 14.0";
			developmentRegion = en;
			hasScannedForEncodings = 0;
			knownRegions = (
				en,
				Base,
			);
			mainGroup = 2FF49D18299E3864005A6010;
			packageReferences = (
				2FE4FF0C29A4537300DEDD6C /* XCRemoteSwiftPackageReference "ObjectMapper" */,
				2FE4FF0F29A455BE00DEDD6C /* XCRemoteSwiftPackageReference "Alamofire" */,
			);
			productRefGroup = 2FF49D22299E3864005A6010 /* Products */;
			projectDirPath = "";
			projectRoot = "";
			targets = (
				2FF49D20299E3864005A6010 /* catscute */,
				2FF49D30299E3865005A6010 /* catscuteTests */,
				2FF49D3A299E3865005A6010 /* catscuteUITests */,
			);
		};
/* End PBXProject section */

/* Begin PBXResourcesBuildPhase section */
		2FF49D1F299E3864005A6010 /* Resources */ = {
			isa = PBXResourcesBuildPhase;
			buildActionMask = 2147483647;
			files = (
				2FF49D2C299E3865005A6010 /* Preview Assets.xcassets in Resources */,
				2FF49D29299E3865005A6010 /* Assets.xcassets in Resources */,
			);
			runOnlyForDeploymentPostprocessing = 0;
		};
		2FF49D2F299E3865005A6010 /* Resources */ = {
			isa = PBXResourcesBuildPhase;
			buildActionMask = 2147483647;
			files = (
			);
			runOnlyForDeploymentPostprocessing = 0;
		};
		2FF49D39299E3865005A6010 /* Resources */ = {
			isa = PBXResourcesBuildPhase;
			buildActionMask = 2147483647;
			files = (
			);
			runOnlyForDeploymentPostprocessing = 0;
		};
/* End PBXResourcesBuildPhase section */

/* Begin PBXSourcesBuildPhase section */
		2FF49D1D299E3864005A6010 /* Sources */ = {
			isa = PBXSourcesBuildPhase;
			buildActionMask = 2147483647;
			files = (
				2FE4FF1629A4703C00DEDD6C /* CatImage.swift in Sources */,
				2FE4FF1929A4708700DEDD6C /* ApiService.swift in Sources */,
				2FE4FF2329A4724D00DEDD6C /* DetailCatBreedViewModel.swift in Sources */,
				2FE4FF1F29A4716300DEDD6C /* HomeCatBreedsView.swift in Sources */,
				2FE4FF2129A471F000DEDD6C /* DetailCatBreedView.swift in Sources */,
				2FE4FF1429A4701D00DEDD6C /* CatBreed.swift in Sources */,
				2FE4FF1C29A4712E00DEDD6C /* HomeCatBreedsViewModel.swift in Sources */,
				2FF49D25299E3864005A6010 /* catscuteApp.swift in Sources */,
			);
			runOnlyForDeploymentPostprocessing = 0;
		};
		2FF49D2D299E3865005A6010 /* Sources */ = {
			isa = PBXSourcesBuildPhase;
			buildActionMask = 2147483647;
			files = (
				2FF49D36299E3865005A6010 /* catscuteTests.swift in Sources */,
			);
			runOnlyForDeploymentPostprocessing = 0;
		};
		2FF49D37299E3865005A6010 /* Sources */ = {
			isa = PBXSourcesBuildPhase;
			buildActionMask = 2147483647;
			files = (
				2FF49D42299E3865005A6010 /* catscuteUITestsLaunchTests.swift in Sources */,
				2FF49D40299E3865005A6010 /* catscuteUITests.swift in Sources */,
			);
			runOnlyForDeploymentPostprocessing = 0;
		};
/* End PBXSourcesBuildPhase section */

/* Begin PBXTargetDependency section */
		2FF49D33299E3865005A6010 /* PBXTargetDependency */ = {
			isa = PBXTargetDependency;
			target = 2FF49D20299E3864005A6010 /* catscute */;
			targetProxy = 2FF49D32299E3865005A6010 /* PBXContainerItemProxy */;
		};
		2FF49D3D299E3865005A6010 /* PBXTargetDependency */ = {
			isa = PBXTargetDependency;
			target = 2FF49D20299E3864005A6010 /* catscute */;
			targetProxy = 2FF49D3C299E3865005A6010 /* PBXContainerItemProxy */;
		};
/* End PBXTargetDependency section */

/* Begin XCBuildConfiguration section */
		2FF49D43299E3865005A6010 /* Debug */ = {
			isa = XCBuildConfiguration;
			buildSettings = {
				ALWAYS_SEARCH_USER_PATHS = NO;
				CLANG_ANALYZER_NONNULL = YES;
				CLANG_ANALYZER_NUMBER_OBJECT_CONVERSION = YES_AGGRESSIVE;
				CLANG_CXX_LANGUAGE_STANDARD = "gnu++20";
				CLANG_ENABLE_MODULES = YES;
				CLANG_ENABLE_OBJC_ARC = YES;
				CLANG_ENABLE_OBJC_WEAK = YES;
				CLANG_WARN_BLOCK_CAPTURE_AUTORELEASING = YES;
				CLANG_WARN_BOOL_CONVERSION = YES;
				CLANG_WARN_COMMA = YES;
				CLANG_WARN_CONSTANT_CONVERSION = YES;
				CLANG_WARN_DEPRECATED_OBJC_IMPLEMENTATIONS = YES;
				CLANG_WARN_DIRECT_OBJC_ISA_USAGE = YES_ERROR;
				CLANG_WARN_DOCUMENTATION_COMMENTS = YES;
				CLANG_WARN_EMPTY_BODY = YES;
				CLANG_WARN_ENUM_CONVERSION = YES;
				CLANG_WARN_INFINITE_RECURSION = YES;
				CLANG_WARN_INT_CONVERSION = YES;
				CLANG_WARN_NON_LITERAL_NULL_CONVERSION = YES;
				CLANG_WARN_OBJC_IMPLICIT_RETAIN_SELF = YES;
				CLANG_WARN_OBJC_LITERAL_CONVERSION = YES;
				CLANG_WARN_OBJC_ROOT_CLASS = YES_ERROR;
				CLANG_WARN_QUOTED_INCLUDE_IN_FRAMEWORK_HEADER = YES;
				CLANG_WARN_RANGE_LOOP_ANALYSIS = YES;
				CLANG_WARN_STRICT_PROTOTYPES = YES;
				CLANG_WARN_SUSPICIOUS_MOVE = YES;
				CLANG_WARN_UNGUARDED_AVAILABILITY = YES_AGGRESSIVE;
				CLANG_WARN_UNREACHABLE_CODE = YES;
				CLANG_WARN__DUPLICATE_METHOD_MATCH = YES;
				COPY_PHASE_STRIP = NO;
				DEBUG_INFORMATION_FORMAT = dwarf;
				ENABLE_STRICT_OBJC_MSGSEND = YES;
				ENABLE_TESTABILITY = YES;
				GCC_C_LANGUAGE_STANDARD = gnu11;
				GCC_DYNAMIC_NO_PIC = NO;
				GCC_NO_COMMON_BLOCKS = YES;
				GCC_OPTIMIZATION_LEVEL = 0;
				GCC_PREPROCESSOR_DEFINITIONS = (
					"DEBUG=1",
					"$(inherited)",
				);
				GCC_WARN_64_TO_32_BIT_CONVERSION = YES;
				GCC_WARN_ABOUT_RETURN_TYPE = YES_ERROR;
				GCC_WARN_UNDECLARED_SELECTOR = YES;
				GCC_WARN_UNINITIALIZED_AUTOS = YES_AGGRESSIVE;
				GCC_WARN_UNUSED_FUNCTION = YES;
				GCC_WARN_UNUSED_VARIABLE = YES;
				IPHONEOS_DEPLOYMENT_TARGET = 16.1;
				MTL_ENABLE_DEBUG_INFO = INCLUDE_SOURCE;
				MTL_FAST_MATH = YES;
				ONLY_ACTIVE_ARCH = YES;
				SDKROOT = iphoneos;
				SWIFT_ACTIVE_COMPILATION_CONDITIONS = DEBUG;
				SWIFT_OPTIMIZATION_LEVEL = "-Onone";
			};
			name = Debug;
		};
		2FF49D44299E3865005A6010 /* Release */ = {
			isa = XCBuildConfiguration;
			buildSettings = {
				ALWAYS_SEARCH_USER_PATHS = NO;
				CLANG_ANALYZER_NONNULL = YES;
				CLANG_ANALYZER_NUMBER_OBJECT_CONVERSION = YES_AGGRESSIVE;
				CLANG_CXX_LANGUAGE_STANDARD = "gnu++20";
				CLANG_ENABLE_MODULES = YES;
				CLANG_ENABLE_OBJC_ARC = YES;
				CLANG_ENABLE_OBJC_WEAK = YES;
				CLANG_WARN_BLOCK_CAPTURE_AUTORELEASING = YES;
				CLANG_WARN_BOOL_CONVERSION = YES;
				CLANG_WARN_COMMA = YES;
				CLANG_WARN_CONSTANT_CONVERSION = YES;
				CLANG_WARN_DEPRECATED_OBJC_IMPLEMENTATIONS = YES;
				CLANG_WARN_DIRECT_OBJC_ISA_USAGE = YES_ERROR;
				CLANG_WARN_DOCUMENTATION_COMMENTS = YES;
				CLANG_WARN_EMPTY_BODY = YES;
				CLANG_WARN_ENUM_CONVERSION = YES;
				CLANG_WARN_INFINITE_RECURSION = YES;
				CLANG_WARN_INT_CONVERSION = YES;
				CLANG_WARN_NON_LITERAL_NULL_CONVERSION = YES;
				CLANG_WARN_OBJC_IMPLICIT_RETAIN_SELF = YES;
				CLANG_WARN_OBJC_LITERAL_CONVERSION = YES;
				CLANG_WARN_OBJC_ROOT_CLASS = YES_ERROR;
				CLANG_WARN_QUOTED_INCLUDE_IN_FRAMEWORK_HEADER = YES;
				CLANG_WARN_RANGE_LOOP_ANALYSIS = YES;
				CLANG_WARN_STRICT_PROTOTYPES = YES;
				CLANG_WARN_SUSPICIOUS_MOVE = YES;
				CLANG_WARN_UNGUARDED_AVAILABILITY = YES_AGGRESSIVE;
				CLANG_WARN_UNREACHABLE_CODE = YES;
				CLANG_WARN__DUPLICATE_METHOD_MATCH = YES;
				COPY_PHASE_STRIP = NO;
				DEBUG_INFORMATION_FORMAT = "dwarf-with-dsym";
				ENABLE_NS_ASSERTIONS = NO;
				ENABLE_STRICT_OBJC_MSGSEND = YES;
				GCC_C_LANGUAGE_STANDARD = gnu11;
				GCC_NO_COMMON_BLOCKS = YES;
				GCC_WARN_64_TO_32_BIT_CONVERSION = YES;
				GCC_WARN_ABOUT_RETURN_TYPE = YES_ERROR;
				GCC_WARN_UNDECLARED_SELECTOR = YES;
				GCC_WARN_UNINITIALIZED_AUTOS = YES_AGGRESSIVE;
				GCC_WARN_UNUSED_FUNCTION = YES;
				GCC_WARN_UNUSED_VARIABLE = YES;
				IPHONEOS_DEPLOYMENT_TARGET = 16.1;
				MTL_ENABLE_DEBUG_INFO = NO;
				MTL_FAST_MATH = YES;
				SDKROOT = iphoneos;
				SWIFT_COMPILATION_MODE = wholemodule;
				SWIFT_OPTIMIZATION_LEVEL = "-O";
				VALIDATE_PRODUCT = YES;
			};
			name = Release;
		};
		2FF49D46299E3865005A6010 /* Debug */ = {
			isa = XCBuildConfiguration;
			buildSettings = {
				ASSETCATALOG_COMPILER_APPICON_NAME = AppIcon;
				ASSETCATALOG_COMPILER_GLOBAL_ACCENT_COLOR_NAME = AccentColor;
				CODE_SIGN_STYLE = Automatic;
				CURRENT_PROJECT_VERSION = 1;
				DEVELOPMENT_ASSET_PATHS = "\"catscute/Preview Content\"";
				DEVELOPMENT_TEAM = 76PUZQ34QB;
				ENABLE_PREVIEWS = YES;
				GENERATE_INFOPLIST_FILE = YES;
				INFOPLIST_KEY_UIApplicationSceneManifest_Generation = YES;
				INFOPLIST_KEY_UIApplicationSupportsIndirectInputEvents = YES;
				INFOPLIST_KEY_UILaunchScreen_Generation = YES;
				INFOPLIST_KEY_UISupportedInterfaceOrientations_iPad = "UIInterfaceOrientationPortrait UIInterfaceOrientationPortraitUpsideDown UIInterfaceOrientationLandscapeLeft UIInterfaceOrientationLandscapeRight";
				INFOPLIST_KEY_UISupportedInterfaceOrientations_iPhone = "UIInterfaceOrientationPortrait UIInterfaceOrientationLandscapeLeft UIInterfaceOrientationLandscapeRight";
				LD_RUNPATH_SEARCH_PATHS = (
					"$(inherited)",
					"@executable_path/Frameworks",
				);
				MARKETING_VERSION = 1.0;
				PRODUCT_BUNDLE_IDENTIFIER = com.bi.learnquran.catscute;
				PRODUCT_NAME = "$(TARGET_NAME)";
				SWIFT_EMIT_LOC_STRINGS = YES;
				SWIFT_VERSION = 5.0;
				TARGETED_DEVICE_FAMILY = "1,2";
			};
			name = Debug;
		};
		2FF49D47299E3865005A6010 /* Release */ = {
			isa = XCBuildConfiguration;
			buildSettings = {
				ASSETCATALOG_COMPILER_APPICON_NAME = AppIcon;
				ASSETCATALOG_COMPILER_GLOBAL_ACCENT_COLOR_NAME = AccentColor;
				CODE_SIGN_STYLE = Automatic;
				CURRENT_PROJECT_VERSION = 1;
				DEVELOPMENT_ASSET_PATHS = "\"catscute/Preview Content\"";
				DEVELOPMENT_TEAM = 76PUZQ34QB;
				ENABLE_PREVIEWS = YES;
				GENERATE_INFOPLIST_FILE = YES;
				INFOPLIST_KEY_UIApplicationSceneManifest_Generation = YES;
				INFOPLIST_KEY_UIApplicationSupportsIndirectInputEvents = YES;
				INFOPLIST_KEY_UILaunchScreen_Generation = YES;
				INFOPLIST_KEY_UISupportedInterfaceOrientations_iPad = "UIInterfaceOrientationPortrait UIInterfaceOrientationPortraitUpsideDown UIInterfaceOrientationLandscapeLeft UIInterfaceOrientationLandscapeRight";
				INFOPLIST_KEY_UISupportedInterfaceOrientations_iPhone = "UIInterfaceOrientationPortrait UIInterfaceOrientationLandscapeLeft UIInterfaceOrientationLandscapeRight";
				LD_RUNPATH_SEARCH_PATHS = (
					"$(inherited)",
					"@executable_path/Frameworks",
				);
				MARKETING_VERSION = 1.0;
				PRODUCT_BUNDLE_IDENTIFIER = com.bi.learnquran.catscute;
				PRODUCT_NAME = "$(TARGET_NAME)";
				SWIFT_EMIT_LOC_STRINGS = YES;
				SWIFT_VERSION = 5.0;
				TARGETED_DEVICE_FAMILY = "1,2";
			};
			name = Release;
		};
		2FF49D49299E3865005A6010 /* Debug */ = {
			isa = XCBuildConfiguration;
			buildSettings = {
				ALWAYS_EMBED_SWIFT_STANDARD_LIBRARIES = YES;
				BUNDLE_LOADER = "$(TEST_HOST)";
				CODE_SIGN_STYLE = Automatic;
				CURRENT_PROJECT_VERSION = 1;
				DEVELOPMENT_TEAM = 76PUZQ34QB;
				GENERATE_INFOPLIST_FILE = YES;
				IPHONEOS_DEPLOYMENT_TARGET = 16.1;
				MARKETING_VERSION = 1.0;
				PRODUCT_BUNDLE_IDENTIFIER = com.bi.learnquran.catscuteTests;
				PRODUCT_NAME = "$(TARGET_NAME)";
				SWIFT_EMIT_LOC_STRINGS = NO;
				SWIFT_VERSION = 5.0;
				TARGETED_DEVICE_FAMILY = "1,2";
				TEST_HOST = "$(BUILT_PRODUCTS_DIR)/catscute.app/$(BUNDLE_EXECUTABLE_FOLDER_PATH)/catscute";
			};
			name = Debug;
		};
		2FF49D4A299E3865005A6010 /* Release */ = {
			isa = XCBuildConfiguration;
			buildSettings = {
				ALWAYS_EMBED_SWIFT_STANDARD_LIBRARIES = YES;
				BUNDLE_LOADER = "$(TEST_HOST)";
				CODE_SIGN_STYLE = Automatic;
				CURRENT_PROJECT_VERSION = 1;
				DEVELOPMENT_TEAM = 76PUZQ34QB;
				GENERATE_INFOPLIST_FILE = YES;
				IPHONEOS_DEPLOYMENT_TARGET = 16.1;
				MARKETING_VERSION = 1.0;
				PRODUCT_BUNDLE_IDENTIFIER = com.bi.learnquran.catscuteTests;
				PRODUCT_NAME = "$(TARGET_NAME)";
				SWIFT_EMIT_LOC_STRINGS = NO;
				SWIFT_VERSION = 5.0;
				TARGETED_DEVICE_FAMILY = "1,2";
				TEST_HOST = "$(BUILT_PRODUCTS_DIR)/catscute.app/$(BUNDLE_EXECUTABLE_FOLDER_PATH)/catscute";
			};
			name = Release;
		};
		2FF49D4C299E3865005A6010 /* Debug */ = {
			isa = XCBuildConfiguration;
			buildSettings = {
				ALWAYS_EMBED_SWIFT_STANDARD_LIBRARIES = YES;
				CODE_SIGN_STYLE = Automatic;
				CURRENT_PROJECT_VERSION = 1;
				DEVELOPMENT_TEAM = 76PUZQ34QB;
				GENERATE_INFOPLIST_FILE = YES;
				MARKETING_VERSION = 1.0;
				PRODUCT_BUNDLE_IDENTIFIER = com.bi.learnquran.catscuteUITests;
				PRODUCT_NAME = "$(TARGET_NAME)";
				SWIFT_EMIT_LOC_STRINGS = NO;
				SWIFT_VERSION = 5.0;
				TARGETED_DEVICE_FAMILY = "1,2";
				TEST_TARGET_NAME = catscute;
			};
			name = Debug;
		};
		2FF49D4D299E3865005A6010 /* Release */ = {
			isa = XCBuildConfiguration;
			buildSettings = {
				ALWAYS_EMBED_SWIFT_STANDARD_LIBRARIES = YES;
				CODE_SIGN_STYLE = Automatic;
				CURRENT_PROJECT_VERSION = 1;
				DEVELOPMENT_TEAM = 76PUZQ34QB;
				GENERATE_INFOPLIST_FILE = YES;
				MARKETING_VERSION = 1.0;
				PRODUCT_BUNDLE_IDENTIFIER = com.bi.learnquran.catscuteUITests;
				PRODUCT_NAME = "$(TARGET_NAME)";
				SWIFT_EMIT_LOC_STRINGS = NO;
				SWIFT_VERSION = 5.0;
				TARGETED_DEVICE_FAMILY = "1,2";
				TEST_TARGET_NAME = catscute;
			};
			name = Release;
		};
/* End XCBuildConfiguration section */

/* Begin XCConfigurationList section */
		2FF49D1C299E3864005A6010 /* Build configuration list for PBXProject "catscute" */ = {
			isa = XCConfigurationList;
			buildConfigurations = (
				2FF49D43299E3865005A6010 /* Debug */,
				2FF49D44299E3865005A6010 /* Release */,
			);
			defaultConfigurationIsVisible = 0;
			defaultConfigurationName = Release;
		};
		2FF49D45299E3865005A6010 /* Build configuration list for PBXNativeTarget "catscute" */ = {
			isa = XCConfigurationList;
			buildConfigurations = (
				2FF49D46299E3865005A6010 /* Debug */,
				2FF49D47299E3865005A6010 /* Release */,
			);
			defaultConfigurationIsVisible = 0;
			defaultConfigurationName = Release;
		};
		2FF49D48299E3865005A6010 /* Build configuration list for PBXNativeTarget "catscuteTests" */ = {
			isa = XCConfigurationList;
			buildConfigurations = (
				2FF49D49299E3865005A6010 /* Debug */,
				2FF49D4A299E3865005A6010 /* Release */,
			);
			defaultConfigurationIsVisible = 0;
			defaultConfigurationName = Release;
		};
		2FF49D4B299E3865005A6010 /* Build configuration list for PBXNativeTarget "catscuteUITests" */ = {
			isa = XCConfigurationList;
			buildConfigurations = (
				2FF49D4C299E3865005A6010 /* Debug */,
				2FF49D4D299E3865005A6010 /* Release */,
			);
			defaultConfigurationIsVisible = 0;
			defaultConfigurationName = Release;
		};
/* End XCConfigurationList section */

/* Begin XCRemoteSwiftPackageReference section */
		2FE4FF0C29A4537300DEDD6C /* XCRemoteSwiftPackageReference "ObjectMapper" */ = {
			isa = XCRemoteSwiftPackageReference;
			repositoryURL = "https://github.com/tristanhimmelman/ObjectMapper.git";
			requirement = {
				kind = upToNextMajorVersion;
				minimumVersion = 4.2.0;
			};
		};
		2FE4FF0F29A455BE00DEDD6C /* XCRemoteSwiftPackageReference "Alamofire" */ = {
			isa = XCRemoteSwiftPackageReference;
			repositoryURL = "https://github.com/Alamofire/Alamofire.git";
			requirement = {
				kind = upToNextMajorVersion;
				minimumVersion = 5.6.4;
			};
		};
/* End XCRemoteSwiftPackageReference section */

/* Begin XCSwiftPackageProductDependency section */
		2FE4FF0D29A4537300DEDD6C /* ObjectMapper */ = {
			isa = XCSwiftPackageProductDependency;
			package = 2FE4FF0C29A4537300DEDD6C /* XCRemoteSwiftPackageReference "ObjectMapper" */;
			productName = ObjectMapper;
		};
		2FE4FF1029A455BE00DEDD6C /* Alamofire */ = {
			isa = XCSwiftPackageProductDependency;
			package = 2FE4FF0F29A455BE00DEDD6C /* XCRemoteSwiftPackageReference "Alamofire" */;
			productName = Alamofire;
		};
/* End XCSwiftPackageProductDependency section */
	};
	rootObject = 2FF49D19299E3864005A6010 /* Project object */;
}
